
Microsoft Visual Studio Solution File, Format Version 12.00
# Visual Studio Version 16
VisualStudioVersion = 16.0.30611.23
MinimumVisualStudioVersion = 10.0.40219.1
Project("{FAE04EC0-301F-11D3-BF4B-00C04F79EFBC}") = "MVCForAssessment", "MVCForAssessment\MVCForAssessment.csproj", "{593B0937-E9FA-4AB5-9979-713D292916CC}"
EndProject
Global
	GlobalSection(SolutionConfigurationPlatforms) = preSolution
		Debug|Any CPU = Debug|Any CPU
		Release|Any CPU = Release|Any CPU
	EndGlobalSection
	GlobalSection(ProjectConfigurationPlatforms) = postSolution
		{593B0937-E9FA-4AB5-9979-713D292916CC}.Debug|Any CPU.ActiveCfg = Debug|Any CPU
		{593B0937-E9FA-4AB5-9979-713D292916CC}.Debug|Any CPU.Build.0 = Debug|Any CPU
		{593B0937-E9FA-4AB5-9979-713D292916CC}.Release|Any CPU.ActiveCfg = Release|Any CPU
		{593B0937-E9FA-4AB5-9979-713D292916CC}.Release|Any CPU.Build.0 = Release|Any CPU
	EndGlobalSection
	GlobalSection(SolutionProperties) = preSolution
		HideSolutionNode = FALSE
	EndGlobalSection
	GlobalSection(ExtensibilityGlobals) = postSolution
		SolutionGuid = {B2BFC6B4-57B3-4D19-98B8-FC2BC3314887}
	EndGlobalSection
EndGlobal
